
Microsoft Visual Studio Solution File, Format Version 12.00
# Visual Studio 15
VisualStudioVersion = 15.0.28307.1082
MinimumVisualStudioVersion = 10.0.40219.1
Project("{FAE04EC0-301F-11D3-BF4B-00C04F79EFBC}") = "MainAppForm", "MainAppForm\MainAppForm.csproj", "{36AD16CE-3C79-4F3F-9C87-EE150C681DF3}"
EndProject
Global
	GlobalSection(SolutionConfigurationPlatforms) = preSolution
		Debug|Any CPU = Debug|Any CPU
		Release|Any CPU = Release|Any CPU
	EndGlobalSection
	GlobalSection(ProjectConfigurationPlatforms) = postSolution
		{36AD16CE-3C79-4F3F-9C87-EE150C681DF3}.Debug|Any CPU.ActiveCfg = Debug|Any CPU
		{36AD16CE-3C79-4F3F-9C87-EE150C681DF3}.Debug|Any CPU.Build.0 = Debug|Any CPU
		{36AD16CE-3C79-4F3F-9C87-EE150C681DF3}.Release|Any CPU.ActiveCfg = Release|Any CPU
		{36AD16CE-3C79-4F3F-9C87-EE150C681DF3}.Release|Any CPU.Build.0 = Release|Any CPU
	EndGlobalSection
	GlobalSection(SolutionProperties) = preSolution
		HideSolutionNode = FALSE
	EndGlobalSection
	GlobalSection(ExtensibilityGlobals) = postSolution
		SolutionGuid = {5B031A24-9379-4A2D-B1C0-912A07C1D349}
	EndGlobalSection
EndGlobal
